// !$*UTF8*$!
{
	archiveVersion = 1;
	classes = {
	};
	objectVersion = 55;
	objects = {

/* Begin PBXBuildFile section */
		630A3ABB282A4CDD00693ABB /* AppDelegate.swift in Sources */ = {isa = PBXBuildFile; fileRef = 630A3ABA282A4CDD00693ABB /* AppDelegate.swift */; };
		630A3ABF282A4CDD00693ABB /* ViewController.swift in Sources */ = {isa = PBXBuildFile; fileRef = 630A3ABE282A4CDD00693ABB /* ViewController.swift */; };
		630A3AC4282A4CDE00693ABB /* Assets.xcassets in Resources */ = {isa = PBXBuildFile; fileRef = 630A3AC3282A4CDE00693ABB /* Assets.xcassets */; };
		630A3AC7282A4CDE00693ABB /* LaunchScreen.storyboard in Resources */ = {isa = PBXBuildFile; fileRef = 630A3AC5282A4CDE00693ABB /* LaunchScreen.storyboard */; };
		630A3ACE282A533900693ABB /* SYShaders.metal in Sources */ = {isa = PBXBuildFile; fileRef = 630A3ACD282A533900693ABB /* SYShaders.metal */; };
		63577A22281BEAAC008E3037 /* AppDelegate.swift in Sources */ = {isa = PBXBuildFile; fileRef = 63577A21281BEAAC008E3037 /* AppDelegate.swift */; };
		63577A26281BEAAC008E3037 /* ViewController.swift in Sources */ = {isa = PBXBuildFile; fileRef = 63577A25281BEAAC008E3037 /* ViewController.swift */; };
		63577A2B281BEAAF008E3037 /* Assets.xcassets in Resources */ = {isa = PBXBuildFile; fileRef = 63577A2A281BEAAF008E3037 /* Assets.xcassets */; };
		63577A2E281BEAAF008E3037 /* LaunchScreen.storyboard in Resources */ = {isa = PBXBuildFile; fileRef = 63577A2C281BEAAF008E3037 /* LaunchScreen.storyboard */; };
		63577A40281C09A8008E3037 /* LearnSwiftMetal.bundle in Resources */ = {isa = PBXBuildFile; fileRef = 63577A3F281C09A8008E3037 /* LearnSwiftMetal.bundle */; };
		63577A4228237665008E3037 /* Shader.metal in Sources */ = {isa = PBXBuildFile; fileRef = 63577A4128237665008E3037 /* Shader.metal */; };
		63A34326282CB425009E542A /* LearnSwiftMetal.bundle in Resources */ = {isa = PBXBuildFile; fileRef = 63577A3F281C09A8008E3037 /* LearnSwiftMetal.bundle */; };
/* End PBXBuildFile section */

/* Begin PBXFileReference section */
		630A3AB8282A4CDD00693ABB /* 02_Transformation.app */ = {isa = PBXFileReference; explicitFileType = wrapper.application; includeInIndex = 0; path = 02_Transformation.app; sourceTree = BUILT_PRODUCTS_DIR; };
		630A3ABA282A4CDD00693ABB /* AppDelegate.swift */ = {isa = PBXFileReference; lastKnownFileType = sourcecode.swift; path = AppDelegate.swift; sourceTree = "<group>"; };
		630A3ABE282A4CDD00693ABB /* ViewController.swift */ = {isa = PBXFileReference; lastKnownFileType = sourcecode.swift; path = ViewController.swift; sourceTree = "<group>"; };
		630A3AC3282A4CDE00693ABB /* Assets.xcassets */ = {isa = PBXFileReference; lastKnownFileType = folder.assetcatalog; path = Assets.xcassets; sourceTree = "<group>"; };
		630A3AC6282A4CDE00693ABB /* Base */ = {isa = PBXFileReference; lastKnownFileType = file.storyboard; name = Base; path = Base.lproj/LaunchScreen.storyboard; sourceTree = "<group>"; };
		630A3AC8282A4CDE00693ABB /* Info.plist */ = {isa = PBXFileReference; lastKnownFileType = text.plist.xml; path = Info.plist; sourceTree = "<group>"; };
		630A3ACC282A52FB00693ABB /* SYShaderTypes.h */ = {isa = PBXFileReference; lastKnownFileType = sourcecode.c.h; path = SYShaderTypes.h; sourceTree = "<group>"; };
		630A3ACD282A533900693ABB /* SYShaders.metal */ = {isa = PBXFileReference; lastKnownFileType = sourcecode.metal; path = SYShaders.metal; sourceTree = "<group>"; xcLanguageSpecificationIdentifier = xcode.lang.metal; };
		630A3ACF282A537300693ABB /* 02_Transformation-Bridging-Header.h */ = {isa = PBXFileReference; lastKnownFileType = sourcecode.c.h; path = "02_Transformation-Bridging-Header.h"; sourceTree = "<group>"; };
		63577A1E281BEAAC008E3037 /* 01_Triangle.app */ = {isa = PBXFileReference; explicitFileType = wrapper.application; includeInIndex = 0; path = 01_Triangle.app; sourceTree = BUILT_PRODUCTS_DIR; };
		63577A21281BEAAC008E3037 /* AppDelegate.swift */ = {isa = PBXFileReference; lastKnownFileType = sourcecode.swift; path = AppDelegate.swift; sourceTree = "<group>"; };
		63577A25281BEAAC008E3037 /* ViewController.swift */ = {isa = PBXFileReference; lastKnownFileType = sourcecode.swift; path = ViewController.swift; sourceTree = "<group>"; };
		63577A2A281BEAAF008E3037 /* Assets.xcassets */ = {isa = PBXFileReference; lastKnownFileType = folder.assetcatalog; path = Assets.xcassets; sourceTree = "<group>"; };
		63577A2D281BEAAF008E3037 /* Base */ = {isa = PBXFileReference; lastKnownFileType = file.storyboard; name = Base; path = Base.lproj/LaunchScreen.storyboard; sourceTree = "<group>"; };
		63577A2F281BEAAF008E3037 /* Info.plist */ = {isa = PBXFileReference; lastKnownFileType = text.plist.xml; path = Info.plist; sourceTree = "<group>"; };
		63577A3F281C09A8008E3037 /* LearnSwiftMetal.bundle */ = {isa = PBXFileReference; lastKnownFileType = "wrapper.plug-in"; path = LearnSwiftMetal.bundle; sourceTree = "<group>"; };
		63577A4128237665008E3037 /* Shader.metal */ = {isa = PBXFileReference; lastKnownFileType = sourcecode.metal; path = Shader.metal; sourceTree = "<group>"; xcLanguageSpecificationIdentifier = xcode.lang.metal; };
		63577A4328237716008E3037 /* SYShaderType.h */ = {isa = PBXFileReference; lastKnownFileType = sourcecode.c.h; path = SYShaderType.h; sourceTree = "<group>"; };
		63577A462823880B008E3037 /* 01_Triangle-Bridging-Header.h */ = {isa = PBXFileReference; lastKnownFileType = sourcecode.c.h; path = "01_Triangle-Bridging-Header.h"; sourceTree = "<group>"; };
/* End PBXFileReference section */

/* Begin PBXFrameworksBuildPhase section */
		630A3AB5282A4CDD00693ABB /* Frameworks */ = {
			isa = PBXFrameworksBuildPhase;
			buildActionMask = 2147483647;
			files = (
			);
			runOnlyForDeploymentPostprocessing = 0;
		};
		63577A1B281BEAAC008E3037 /* Frameworks */ = {
			isa = PBXFrameworksBuildPhase;
			buildActionMask = 2147483647;
			files = (
			);
			runOnlyForDeploymentPostprocessing = 0;
		};
/* End PBXFrameworksBuildPhase section */

/* Begin PBXGroup section */
		630A3AB9282A4CDD00693ABB /* 02_Transformation */ = {
			isa = PBXGroup;
			children = (
				630A3ABA282A4CDD00693ABB /* AppDelegate.swift */,
				630A3ABE282A4CDD00693ABB /* ViewController.swift */,
				630A3ACC282A52FB00693ABB /* SYShaderTypes.h */,
				630A3ACD282A533900693ABB /* SYShaders.metal */,
				630A3ACF282A537300693ABB /* 02_Transformation-Bridging-Header.h */,
				630A3AC3282A4CDE00693ABB /* Assets.xcassets */,
				630A3AC5282A4CDE00693ABB /* LaunchScreen.storyboard */,
				630A3AC8282A4CDE00693ABB /* Info.plist */,
			);
			path = 02_Transformation;
			sourceTree = "<group>";
		};
		63577A15281BEAAC008E3037 = {
			isa = PBXGroup;
			children = (
				63577A3F281C09A8008E3037 /* LearnSwiftMetal.bundle */,
				63577A20281BEAAC008E3037 /* 01_Triangle */,
				630A3AB9282A4CDD00693ABB /* 02_Transformation */,
				63577A1F281BEAAC008E3037 /* Products */,
            );
            sourceTree = "<group>";
        };
        63577A1F281BEAAC008E3037 /* Products */ = {
            isa = PBXGroup;
            children = (
                63577A1E281BEAAC008E3037 /* 01_Triangle.app */,
                630A3AB8282A4CDD00693ABB /* 02_Transformation.app */,
			);
			name = Products;
			sourceTree = "<group>";
		};
		63577A20281BEAAC008E3037 /* 01_Triangle */ = {
			isa = PBXGroup;
			children = (
				63577A21281BEAAC008E3037 /* AppDelegate.swift */,
				63577A25281BEAAC008E3037 /* ViewController.swift */,
				63577A4328237716008E3037 /* SYShaderType.h */,
				63577A4128237665008E3037 /* Shader.metal */,
				63577A462823880B008E3037 /* 01_Triangle-Bridging-Header.h */,
				63577A2A281BEAAF008E3037 /* Assets.xcassets */,
				63577A2C281BEAAF008E3037 /* LaunchScreen.storyboard */,
				63577A2F281BEAAF008E3037 /* Info.plist */,
			);
			path = 01_Triangle;
			sourceTree = "<group>";
		};
/* End PBXGroup section */

/* Begin PBXNativeTarget section */
		630A3AB7282A4CDD00693ABB /* 02_Transformation */ = {
			isa = PBXNativeTarget;
			buildConfigurationList = 630A3ACB282A4CDE00693ABB /* Build configuration list for PBXNativeTarget "02_Transformation" */;
			buildPhases = (
				630A3AB4282A4CDD00693ABB /* Sources */,
				630A3AB5282A4CDD00693ABB /* Frameworks */,
				630A3AB6282A4CDD00693ABB /* Resources */,
			);
			buildRules = (
			);
			dependencies = (
			);
			name = 02_Transformation;
			productName = 02_Tranformation;
			productReference = 630A3AB8282A4CDD00693ABB /* 02_Transformation.app */;
			productType = "com.apple.product-type.application";
		};
		63577A1D281BEAAC008E3037 /* 01_Triangle */ = {
			isa = PBXNativeTarget;
			buildConfigurationList = 63577A32281BEAAF008E3037 /* Build configuration list for PBXNativeTarget "01_Triangle" */;
			buildPhases = (
				63577A1A281BEAAC008E3037 /* Sources */,
				63577A1B281BEAAC008E3037 /* Frameworks */,
				63577A1C281BEAAC008E3037 /* Resources */,
			);
			buildRules = (
			);
			dependencies = (
			);
			name = 01_Triangle;
			productName = LearnSwiftMetal;
			productReference = 63577A1E281BEAAC008E3037 /* 01_Triangle.app */;
			productType = "com.apple.product-type.application";
		};
/* End PBXNativeTarget section */

/* Begin PBXProject section */
		63577A16281BEAAC008E3037 /* Project object */ = {
			isa = PBXProject;
			attributes = {
				BuildIndependentTargetsInParallel = 1;
				LastSwiftUpdateCheck = 1330;
				LastUpgradeCheck = 1330;
				TargetAttributes = {
					630A3AB7282A4CDD00693ABB = {
						CreatedOnToolsVersion = 13.3.1;
					};
					63577A1D281BEAAC008E3037 = {
						CreatedOnToolsVersion = 13.3.1;
					};
				};
			};
			buildConfigurationList = 63577A19281BEAAC008E3037 /* Build configuration list for PBXProject "LearnSwiftMetal" */;
			compatibilityVersion = "Xcode 13.0";
			developmentRegion = en;
			hasScannedForEncodings = 0;
			knownRegions = (
				en,
				Base,
			);
			mainGroup = 63577A15281BEAAC008E3037;
			productRefGroup = 63577A15281BEAAC008E3037;
			projectDirPath = "";
			projectRoot = "";
			targets = (
				63577A1D281BEAAC008E3037 /* 01_Triangle */,
				630A3AB7282A4CDD00693ABB /* 02_Transformation */,
			);
		};
/* End PBXProject section */

/* Begin PBXResourcesBuildPhase section */
		630A3AB6282A4CDD00693ABB /* Resources */ = {
			isa = PBXResourcesBuildPhase;
			buildActionMask = 2147483647;
			files = (
				630A3AC7282A4CDE00693ABB /* LaunchScreen.storyboard in Resources */,
				630A3AC4282A4CDE00693ABB /* Assets.xcassets in Resources */,
				63A34326282CB425009E542A /* LearnSwiftMetal.bundle in Resources */,
			);
			runOnlyForDeploymentPostprocessing = 0;
		};
		63577A1C281BEAAC008E3037 /* Resources */ = {
			isa = PBXResourcesBuildPhase;
			buildActionMask = 2147483647;
			files = (
				63577A40281C09A8008E3037 /* LearnSwiftMetal.bundle in Resources */,
				63577A2E281BEAAF008E3037 /* LaunchScreen.storyboard in Resources */,
				63577A2B281BEAAF008E3037 /* Assets.xcassets in Resources */,
			);
			runOnlyForDeploymentPostprocessing = 0;
		};
/* End PBXResourcesBuildPhase section */

/* Begin PBXSourcesBuildPhase section */
		630A3AB4282A4CDD00693ABB /* Sources */ = {
			isa = PBXSourcesBuildPhase;
			buildActionMask = 2147483647;
			files = (
				630A3ABF282A4CDD00693ABB /* ViewController.swift in Sources */,
				630A3ACE282A533900693ABB /* SYShaders.metal in Sources */,
				630A3ABB282A4CDD00693ABB /* AppDelegate.swift in Sources */,
			);
			runOnlyForDeploymentPostprocessing = 0;
		};
		63577A1A281BEAAC008E3037 /* Sources */ = {
			isa = PBXSourcesBuildPhase;
			buildActionMask = 2147483647;
			files = (
				63577A4228237665008E3037 /* Shader.metal in Sources */,
				63577A26281BEAAC008E3037 /* ViewController.swift in Sources */,
				63577A22281BEAAC008E3037 /* AppDelegate.swift in Sources */,
			);
			runOnlyForDeploymentPostprocessing = 0;
		};
/* End PBXSourcesBuildPhase section */

/* Begin PBXVariantGroup section */
		630A3AC5282A4CDE00693ABB /* LaunchScreen.storyboard */ = {
			isa = PBXVariantGroup;
			children = (
				630A3AC6282A4CDE00693ABB /* Base */,
			);
			name = LaunchScreen.storyboard;
			sourceTree = "<group>";
		};
		63577A2C281BEAAF008E3037 /* LaunchScreen.storyboard */ = {
			isa = PBXVariantGroup;
			children = (
				63577A2D281BEAAF008E3037 /* Base */,
			);
			name = LaunchScreen.storyboard;
			sourceTree = "<group>";
		};
/* End PBXVariantGroup section */

/* Begin XCBuildConfiguration section */
		630A3AC9282A4CDE00693ABB /* Debug */ = {
			isa = XCBuildConfiguration;
			buildSettings = {
				ASSETCATALOG_COMPILER_APPICON_NAME = AppIcon;
				ASSETCATALOG_COMPILER_GLOBAL_ACCENT_COLOR_NAME = AccentColor;
				CODE_SIGN_STYLE = Automatic;
				CURRENT_PROJECT_VERSION = 1;
				DEVELOPMENT_TEAM = ZYJDQ5R465;
				GENERATE_INFOPLIST_FILE = YES;
				INFOPLIST_FILE = 02_Transformation/Info.plist;
				INFOPLIST_KEY_UIApplicationSupportsIndirectInputEvents = YES;
				INFOPLIST_KEY_UILaunchStoryboardName = LaunchScreen;
				INFOPLIST_KEY_UISupportedInterfaceOrientations_iPad = "UIInterfaceOrientationPortrait UIInterfaceOrientationPortraitUpsideDown UIInterfaceOrientationLandscapeLeft UIInterfaceOrientationLandscapeRight";
				INFOPLIST_KEY_UISupportedInterfaceOrientations_iPhone = "UIInterfaceOrientationPortrait UIInterfaceOrientationLandscapeLeft UIInterfaceOrientationLandscapeRight";
				IPHONEOS_DEPLOYMENT_TARGET = 11.0;
				LD_RUNPATH_SEARCH_PATHS = (
					"$(inherited)",
					"@executable_path/Frameworks",
				);
				MARKETING_VERSION = 1.0;
				PRODUCT_BUNDLE_IDENTIFIER = "com.shenyuanluo.-2-Tranformation";
				PRODUCT_NAME = "$(TARGET_NAME)";
				SWIFT_EMIT_LOC_STRINGS = YES;
				SWIFT_OBJC_BRIDGING_HEADER = "02_Transformation/02_Transformation-Bridging-Header.h";
				SWIFT_VERSION = 5.0;
				TARGETED_DEVICE_FAMILY = "1,2";
			};
			name = Debug;
		};
		630A3ACA282A4CDE00693ABB /* Release */ = {
			isa = XCBuildConfiguration;
			buildSettings = {
				ASSETCATALOG_COMPILER_APPICON_NAME = AppIcon;
				ASSETCATALOG_COMPILER_GLOBAL_ACCENT_COLOR_NAME = AccentColor;
				CODE_SIGN_STYLE = Automatic;
				CURRENT_PROJECT_VERSION = 1;
				DEVELOPMENT_TEAM = ZYJDQ5R465;
				GENERATE_INFOPLIST_FILE = YES;
				INFOPLIST_FILE = 02_Transformation/Info.plist;
				INFOPLIST_KEY_UIApplicationSupportsIndirectInputEvents = YES;
				INFOPLIST_KEY_UILaunchStoryboardName = LaunchScreen;
				INFOPLIST_KEY_UISupportedInterfaceOrientations_iPad = "UIInterfaceOrientationPortrait UIInterfaceOrientationPortraitUpsideDown UIInterfaceOrientationLandscapeLeft UIInterfaceOrientationLandscapeRight";
				INFOPLIST_KEY_UISupportedInterfaceOrientations_iPhone = "UIInterfaceOrientationPortrait UIInterfaceOrientationLandscapeLeft UIInterfaceOrientationLandscapeRight";
				IPHONEOS_DEPLOYMENT_TARGET = 11.0;
				LD_RUNPATH_SEARCH_PATHS = (
					"$(inherited)",
					"@executable_path/Frameworks",
				);
				MARKETING_VERSION = 1.0;
				PRODUCT_BUNDLE_IDENTIFIER = "com.shenyuanluo.-2-Tranformation";
				PRODUCT_NAME = "$(TARGET_NAME)";
				SWIFT_EMIT_LOC_STRINGS = YES;
				SWIFT_OBJC_BRIDGING_HEADER = "02_Transformation/02_Transformation-Bridging-Header.h";
				SWIFT_VERSION = 5.0;
				TARGETED_DEVICE_FAMILY = "1,2";
			};
			name = Release;
		};
		63577A30281BEAAF008E3037 /* Debug */ = {
			isa = XCBuildConfiguration;
			buildSettings = {
				ALWAYS_SEARCH_USER_PATHS = NO;
				CLANG_ANALYZER_NONNULL = YES;
				CLANG_ANALYZER_NUMBER_OBJECT_CONVERSION = YES_AGGRESSIVE;
				CLANG_CXX_LANGUAGE_STANDARD = "gnu++17";
				CLANG_ENABLE_MODULES = YES;
				CLANG_ENABLE_OBJC_ARC = YES;
				CLANG_ENABLE_OBJC_WEAK = YES;
				CLANG_WARN_BLOCK_CAPTURE_AUTORELEASING = YES;
				CLANG_WARN_BOOL_CONVERSION = YES;
				CLANG_WARN_COMMA = YES;
				CLANG_WARN_CONSTANT_CONVERSION = YES;
				CLANG_WARN_DEPRECATED_OBJC_IMPLEMENTATIONS = YES;
				CLANG_WARN_DIRECT_OBJC_ISA_USAGE = YES_ERROR;
				CLANG_WARN_DOCUMENTATION_COMMENTS = YES;
				CLANG_WARN_EMPTY_BODY = YES;
				CLANG_WARN_ENUM_CONVERSION = YES;
				CLANG_WARN_INFINITE_RECURSION = YES;
				CLANG_WARN_INT_CONVERSION = YES;
				CLANG_WARN_NON_LITERAL_NULL_CONVERSION = YES;
				CLANG_WARN_OBJC_IMPLICIT_RETAIN_SELF = YES;
				CLANG_WARN_OBJC_LITERAL_CONVERSION = YES;
				CLANG_WARN_OBJC_ROOT_CLASS = YES_ERROR;
				CLANG_WARN_QUOTED_INCLUDE_IN_FRAMEWORK_HEADER = YES;
				CLANG_WARN_RANGE_LOOP_ANALYSIS = YES;
				CLANG_WARN_STRICT_PROTOTYPES = YES;
				CLANG_WARN_SUSPICIOUS_MOVE = YES;
				CLANG_WARN_UNGUARDED_AVAILABILITY = YES_AGGRESSIVE;
				CLANG_WARN_UNREACHABLE_CODE = YES;
				CLANG_WARN__DUPLICATE_METHOD_MATCH = YES;
				COPY_PHASE_STRIP = NO;
				DEBUG_INFORMATION_FORMAT = dwarf;
				ENABLE_STRICT_OBJC_MSGSEND = YES;
				ENABLE_TESTABILITY = YES;
				GCC_C_LANGUAGE_STANDARD = gnu11;
				GCC_DYNAMIC_NO_PIC = NO;
				GCC_NO_COMMON_BLOCKS = YES;
				GCC_OPTIMIZATION_LEVEL = 0;
				GCC_PREPROCESSOR_DEFINITIONS = (
					"DEBUG=1",
					"$(inherited)",
				);
				GCC_WARN_64_TO_32_BIT_CONVERSION = YES;
				GCC_WARN_ABOUT_RETURN_TYPE = YES_ERROR;
				GCC_WARN_UNDECLARED_SELECTOR = YES;
				GCC_WARN_UNINITIALIZED_AUTOS = YES_AGGRESSIVE;
				GCC_WARN_UNUSED_FUNCTION = YES;
				GCC_WARN_UNUSED_VARIABLE = YES;
				IPHONEOS_DEPLOYMENT_TARGET = 15.4;
				MTL_ENABLE_DEBUG_INFO = INCLUDE_SOURCE;
				MTL_FAST_MATH = YES;
				ONLY_ACTIVE_ARCH = YES;
				SDKROOT = iphoneos;
				SWIFT_ACTIVE_COMPILATION_CONDITIONS = DEBUG;
				SWIFT_OPTIMIZATION_LEVEL = "-Onone";
			};
			name = Debug;
		};
		63577A31281BEAAF008E3037 /* Release */ = {
			isa = XCBuildConfiguration;
			buildSettings = {
				ALWAYS_SEARCH_USER_PATHS = NO;
				CLANG_ANALYZER_NONNULL = YES;
				CLANG_ANALYZER_NUMBER_OBJECT_CONVERSION = YES_AGGRESSIVE;
				CLANG_CXX_LANGUAGE_STANDARD = "gnu++17";
				CLANG_ENABLE_MODULES = YES;
				CLANG_ENABLE_OBJC_ARC = YES;
				CLANG_ENABLE_OBJC_WEAK = YES;
				CLANG_WARN_BLOCK_CAPTURE_AUTORELEASING = YES;
				CLANG_WARN_BOOL_CONVERSION = YES;
				CLANG_WARN_COMMA = YES;
				CLANG_WARN_CONSTANT_CONVERSION = YES;
				CLANG_WARN_DEPRECATED_OBJC_IMPLEMENTATIONS = YES;
				CLANG_WARN_DIRECT_OBJC_ISA_USAGE = YES_ERROR;
				CLANG_WARN_DOCUMENTATION_COMMENTS = YES;
				CLANG_WARN_EMPTY_BODY = YES;
				CLANG_WARN_ENUM_CONVERSION = YES;
				CLANG_WARN_INFINITE_RECURSION = YES;
				CLANG_WARN_INT_CONVERSION = YES;
				CLANG_WARN_NON_LITERAL_NULL_CONVERSION = YES;
				CLANG_WARN_OBJC_IMPLICIT_RETAIN_SELF = YES;
				CLANG_WARN_OBJC_LITERAL_CONVERSION = YES;
				CLANG_WARN_OBJC_ROOT_CLASS = YES_ERROR;
				CLANG_WARN_QUOTED_INCLUDE_IN_FRAMEWORK_HEADER = YES;
				CLANG_WARN_RANGE_LOOP_ANALYSIS = YES;
				CLANG_WARN_STRICT_PROTOTYPES = YES;
				CLANG_WARN_SUSPICIOUS_MOVE = YES;
				CLANG_WARN_UNGUARDED_AVAILABILITY = YES_AGGRESSIVE;
				CLANG_WARN_UNREACHABLE_CODE = YES;
				CLANG_WARN__DUPLICATE_METHOD_MATCH = YES;
				COPY_PHASE_STRIP = NO;
				DEBUG_INFORMATION_FORMAT = "dwarf-with-dsym";
				ENABLE_NS_ASSERTIONS = NO;
				ENABLE_STRICT_OBJC_MSGSEND = YES;
				GCC_C_LANGUAGE_STANDARD = gnu11;
				GCC_NO_COMMON_BLOCKS = YES;
				GCC_WARN_64_TO_32_BIT_CONVERSION = YES;
				GCC_WARN_ABOUT_RETURN_TYPE = YES_ERROR;
				GCC_WARN_UNDECLARED_SELECTOR = YES;
				GCC_WARN_UNINITIALIZED_AUTOS = YES_AGGRESSIVE;
				GCC_WARN_UNUSED_FUNCTION = YES;
				GCC_WARN_UNUSED_VARIABLE = YES;
				IPHONEOS_DEPLOYMENT_TARGET = 15.4;
				MTL_ENABLE_DEBUG_INFO = NO;
				MTL_FAST_MATH = YES;
				SDKROOT = iphoneos;
				SWIFT_COMPILATION_MODE = wholemodule;
				SWIFT_OPTIMIZATION_LEVEL = "-O";
				VALIDATE_PRODUCT = YES;
			};
			name = Release;
		};
		63577A33281BEAAF008E3037 /* Debug */ = {
			isa = XCBuildConfiguration;
			buildSettings = {
				ASSETCATALOG_COMPILER_APPICON_NAME = AppIcon;
				ASSETCATALOG_COMPILER_GLOBAL_ACCENT_COLOR_NAME = AccentColor;
				CODE_SIGN_STYLE = Automatic;
				CURRENT_PROJECT_VERSION = 1;
				DEVELOPMENT_TEAM = ZYJDQ5R465;
				GENERATE_INFOPLIST_FILE = YES;
				INFOPLIST_FILE = 01_Triangle/Info.plist;
				INFOPLIST_KEY_UIApplicationSupportsIndirectInputEvents = YES;
				INFOPLIST_KEY_UILaunchStoryboardName = LaunchScreen;
				INFOPLIST_KEY_UISupportedInterfaceOrientations_iPad = "UIInterfaceOrientationPortrait UIInterfaceOrientationPortraitUpsideDown UIInterfaceOrientationLandscapeLeft UIInterfaceOrientationLandscapeRight";
				INFOPLIST_KEY_UISupportedInterfaceOrientations_iPhone = "UIInterfaceOrientationPortrait UIInterfaceOrientationLandscapeLeft UIInterfaceOrientationLandscapeRight";
				IPHONEOS_DEPLOYMENT_TARGET = 11.0;
				LD_RUNPATH_SEARCH_PATHS = (
					"$(inherited)",
					"@executable_path/Frameworks",
				);
				MARKETING_VERSION = 1.0;
				PRODUCT_BUNDLE_IDENTIFIER = com.shenyuanluo.LearnSwiftMetal;
				PRODUCT_NAME = "$(TARGET_NAME)";
				SWIFT_EMIT_LOC_STRINGS = YES;
				SWIFT_OBJC_BRIDGING_HEADER = "01_Triangle/01_Triangle-Bridging-Header.h";
				SWIFT_VERSION = 5.0;
				TARGETED_DEVICE_FAMILY = "1,2";
				USER_HEADER_SEARCH_PATHS = "";
			};
			name = Debug;
		};
		63577A34281BEAAF008E3037 /* Release */ = {
			isa = XCBuildConfiguration;
			buildSettings = {
				ASSETCATALOG_COMPILER_APPICON_NAME = AppIcon;
				ASSETCATALOG_COMPILER_GLOBAL_ACCENT_COLOR_NAME = AccentColor;
				CODE_SIGN_STYLE = Automatic;
				CURRENT_PROJECT_VERSION = 1;
				DEVELOPMENT_TEAM = ZYJDQ5R465;
				GENERATE_INFOPLIST_FILE = YES;
				INFOPLIST_FILE = 01_Triangle/Info.plist;
				INFOPLIST_KEY_UIApplicationSupportsIndirectInputEvents = YES;
				INFOPLIST_KEY_UILaunchStoryboardName = LaunchScreen;
				INFOPLIST_KEY_UISupportedInterfaceOrientations_iPad = "UIInterfaceOrientationPortrait UIInterfaceOrientationPortraitUpsideDown UIInterfaceOrientationLandscapeLeft UIInterfaceOrientationLandscapeRight";
				INFOPLIST_KEY_UISupportedInterfaceOrientations_iPhone = "UIInterfaceOrientationPortrait UIInterfaceOrientationLandscapeLeft UIInterfaceOrientationLandscapeRight";
				IPHONEOS_DEPLOYMENT_TARGET = 11.0;
				LD_RUNPATH_SEARCH_PATHS = (
					"$(inherited)",
					"@executable_path/Frameworks",
				);
				MARKETING_VERSION = 1.0;
				PRODUCT_BUNDLE_IDENTIFIER = com.shenyuanluo.LearnSwiftMetal;
				PRODUCT_NAME = "$(TARGET_NAME)";
				SWIFT_EMIT_LOC_STRINGS = YES;
				SWIFT_OBJC_BRIDGING_HEADER = "01_Triangle/01_Triangle-Bridging-Header.h";
				SWIFT_VERSION = 5.0;
				TARGETED_DEVICE_FAMILY = "1,2";
				USER_HEADER_SEARCH_PATHS = "";
			};
			name = Release;
		};
/* End XCBuildConfiguration section */

/* Begin XCConfigurationList section */
		630A3ACB282A4CDE00693ABB /* Build configuration list for PBXNativeTarget "02_Transformation" */ = {
			isa = XCConfigurationList;
			buildConfigurations = (
				630A3AC9282A4CDE00693ABB /* Debug */,
				630A3ACA282A4CDE00693ABB /* Release */,
			);
			defaultConfigurationIsVisible = 0;
			defaultConfigurationName = Release;
		};
		63577A19281BEAAC008E3037 /* Build configuration list for PBXProject "LearnSwiftMetal" */ = {
			isa = XCConfigurationList;
			buildConfigurations = (
				63577A30281BEAAF008E3037 /* Debug */,
				63577A31281BEAAF008E3037 /* Release */,
			);
			defaultConfigurationIsVisible = 0;
			defaultConfigurationName = Release;
		};
		63577A32281BEAAF008E3037 /* Build configuration list for PBXNativeTarget "01_Triangle" */ = {
			isa = XCConfigurationList;
			buildConfigurations = (
				63577A33281BEAAF008E3037 /* Debug */,
				63577A34281BEAAF008E3037 /* Release */,
			);
			defaultConfigurationIsVisible = 0;
			defaultConfigurationName = Release;
		};
/* End XCConfigurationList section */
	};
	rootObject = 63577A16281BEAAC008E3037 /* Project object */;
}
